// !$*UTF8*$!
{
	archiveVersion = 1;
	classes = {
	};
	objectVersion = 77;
	objects = {

/* Begin PBXBuildFile section */
		3B3D3A8B2475A49B57C81255 /* libPods-lynxdex.a in Frameworks */ = {isa = PBXBuildFile; fileRef = 930A2C95EE8BD15A6D59969F /* libPods-lynxdex.a */; };
		751348822D8C51640044A21E /* MediaFetcher.swift in Sources */ = {isa = PBXBuildFile; fileRef = 751348812D8C515E0044A21E /* MediaFetcher.swift */; };
		751348922D8C5BA60044A21E /* static in Resources */ = {isa = PBXBuildFile; fileRef = 751348912D8C5BA60044A21E /* static */; };
		751D437F2D81B00A0002BBF8 /* main.lynx.bundle in Resources */ = {isa = PBXBuildFile; fileRef = 751D437E2D81B00A0002BBF8 /* main.lynx.bundle */; };
		754E63792D81AA49006D8762 /* AppDelegate.swift in Sources */ = {isa = PBXBuildFile; fileRef = 754E636F2D81AA49006D8762 /* AppDelegate.swift */; };
		754E637A2D81AA49006D8762 /* SceneDelegate.swift in Sources */ = {isa = PBXBuildFile; fileRef = 754E63762D81AA49006D8762 /* SceneDelegate.swift */; };
		754E637B2D81AA49006D8762 /* ViewController.swift in Sources */ = {isa = PBXBuildFile; fileRef = 754E63772D81AA49006D8762 /* ViewController.swift */; };
		754E637C2D81AA49006D8762 /* Assets.xcassets in Resources */ = {isa = PBXBuildFile; fileRef = 754E63702D81AA49006D8762 /* Assets.xcassets */; };
		754E637E2D81AA49006D8762 /* LaunchScreen.storyboard in Resources */ = {isa = PBXBuildFile; fileRef = 754E63732D81AA49006D8762 /* LaunchScreen.storyboard */; };
		754E637F2D81AA49006D8762 /* Main.storyboard in Resources */ = {isa = PBXBuildFile; fileRef = 754E63752D81AA49006D8762 /* Main.storyboard */; };
		754E63822D81AB7E006D8762 /* LynxProvider.swift in Sources */ = {isa = PBXBuildFile; fileRef = 754E63812D81AB79006D8762 /* LynxProvider.swift */; };
/* End PBXBuildFile section */

/* Begin PBXFileReference section */
		179E483F670C71EA16779439 /* Pods-lynxdex.release.xcconfig */ = {isa = PBXFileReference; includeInIndex = 1; lastKnownFileType = text.xcconfig; name = "Pods-lynxdex.release.xcconfig"; path = "Target Support Files/Pods-lynxdex/Pods-lynxdex.release.xcconfig"; sourceTree = "<group>"; };
		751348812D8C515E0044A21E /* MediaFetcher.swift */ = {isa = PBXFileReference; lastKnownFileType = sourcecode.swift; path = MediaFetcher.swift; sourceTree = "<group>"; };
		751348912D8C5BA60044A21E /* static */ = {isa = PBXFileReference; lastKnownFileType = folder; name = static; path = lynxdex/static; sourceTree = "<group>"; };
		751D437E2D81B00A0002BBF8 /* main.lynx.bundle */ = {isa = PBXFileReference; lastKnownFileType = file; path = main.lynx.bundle; sourceTree = "<group>"; };
		754E63472D81AA0B006D8762 /* lynxdex.app */ = {isa = PBXFileReference; explicitFileType = wrapper.application; includeInIndex = 0; path = lynxdex.app; sourceTree = BUILT_PRODUCTS_DIR; };
		754E636F2D81AA49006D8762 /* AppDelegate.swift */ = {isa = PBXFileReference; lastKnownFileType = sourcecode.swift; path = AppDelegate.swift; sourceTree = "<group>"; };
		754E63702D81AA49006D8762 /* Assets.xcassets */ = {isa = PBXFileReference; lastKnownFileType = folder.assetcatalog; path = Assets.xcassets; sourceTree = "<group>"; };
		754E63712D81AA49006D8762 /* Info.plist */ = {isa = PBXFileReference; lastKnownFileType = text.plist.xml; path = Info.plist; sourceTree = "<group>"; };
		754E63722D81AA49006D8762 /* Base */ = {isa = PBXFileReference; lastKnownFileType = file.storyboard; name = Base; path = Base.lproj/LaunchScreen.storyboard; sourceTree = "<group>"; };
		754E63742D81AA49006D8762 /* Base */ = {isa = PBXFileReference; lastKnownFileType = file.storyboard; name = Base; path = Base.lproj/Main.storyboard; sourceTree = "<group>"; };
		754E63762D81AA49006D8762 /* SceneDelegate.swift */ = {isa = PBXFileReference; lastKnownFileType = sourcecode.swift; path = SceneDelegate.swift; sourceTree = "<group>"; };
		754E63772D81AA49006D8762 /* ViewController.swift */ = {isa = PBXFileReference; lastKnownFileType = sourcecode.swift; path = ViewController.swift; sourceTree = "<group>"; };
		754E63802D81AAFA006D8762 /* lynxdex-Bridging-Header.h */ = {isa = PBXFileReference; lastKnownFileType = sourcecode.c.h; path = "lynxdex-Bridging-Header.h"; sourceTree = "<group>"; };
		754E63812D81AB79006D8762 /* LynxProvider.swift */ = {isa = PBXFileReference; lastKnownFileType = sourcecode.swift; path = LynxProvider.swift; sourceTree = "<group>"; };
		930A2C95EE8BD15A6D59969F /* libPods-lynxdex.a */ = {isa = PBXFileReference; explicitFileType = archive.ar; includeInIndex = 0; path = "libPods-lynxdex.a"; sourceTree = BUILT_PRODUCTS_DIR; };
		D442FEB21F6052358C496471 /* Pods-lynxdex.debug.xcconfig */ = {isa = PBXFileReference; includeInIndex = 1; lastKnownFileType = text.xcconfig; name = "Pods-lynxdex.debug.xcconfig"; path = "Target Support Files/Pods-lynxdex/Pods-lynxdex.debug.xcconfig"; sourceTree = "<group>"; };
/* End PBXFileReference section */

/* Begin PBXFileSystemSynchronizedBuildFileExceptionSet section */
		751348932D8C5BA90044A21E /* Exceptions for "static" folder in "lynxdex" target */ = {
			isa = PBXFileSystemSynchronizedBuildFileExceptionSet;
			membershipExceptions = (
				"image/arrow-back.0e0332d1.png",
				image/height.3b7bf1ae.png,
				image/pokeball.552dcd06.png,
				image/tag.03852748.png,
				"image/text-format.565c95ae.png",
				image/weight.5231f7bd.png,
			);
			target = 754E63462D81AA0B006D8762 /* lynxdex */;
		};
/* End PBXFileSystemSynchronizedBuildFileExceptionSet section */

/* Begin PBXFileSystemSynchronizedRootGroup section */
		7513488A2D8C5B480044A21E /* static */ = {
			isa = PBXFileSystemSynchronizedRootGroup;
			exceptions = (
				751348932D8C5BA90044A21E /* Exceptions for "static" folder in "lynxdex" target */,
			);
			path = static;
			sourceTree = "<group>";
		};
		75D7BC1A2D823F3D00499C4C /* utils */ = {
			isa = PBXFileSystemSynchronizedRootGroup;
			path = utils;
			sourceTree = "<group>";
		};
		75D7BC202D823F7000499C4C /* input */ = {
			isa = PBXFileSystemSynchronizedRootGroup;
			path = input;
			sourceTree = "<group>";
		};
/* End PBXFileSystemSynchronizedRootGroup section */

/* Begin PBXFrameworksBuildPhase section */
		754E63442D81AA0B006D8762 /* Frameworks */ = {
			isa = PBXFrameworksBuildPhase;
			buildActionMask = 2147483647;
			files = (
				3B3D3A8B2475A49B57C81255 /* libPods-lynxdex.a in Frameworks */,
			);
			runOnlyForDeploymentPostprocessing = 0;
		};
/* End PBXFrameworksBuildPhase section */

/* Begin PBXGroup section */
		754E633E2D81AA0B006D8762 = {
			isa = PBXGroup;
			children = (
				751348912D8C5BA60044A21E /* static */,
				754E63782D81AA49006D8762 /* lynxdex */,
				754E63482D81AA0B006D8762 /* Products */,
				BF34FE9C85D90E00147BB6A0 /* Pods */,
				D3EF4D70217E0C8F82C0B754 /* Frameworks */,
			);
			sourceTree = "<group>";
		};
		754E63482D81AA0B006D8762 /* Products */ = {
			isa = PBXGroup;
			children = (
				754E63472D81AA0B006D8762 /* lynxdex.app */,
			);
			name = Products;
			sourceTree = "<group>";
		};
		754E63782D81AA49006D8762 /* lynxdex */ = {
			isa = PBXGroup;
			children = (
				75D7BC202D823F7000499C4C /* input */,
				75D7BC1A2D823F3D00499C4C /* utils */,
				754E636F2D81AA49006D8762 /* AppDelegate.swift */,
				754E63702D81AA49006D8762 /* Assets.xcassets */,
				754E63712D81AA49006D8762 /* Info.plist */,
				7513488A2D8C5B480044A21E /* static */,
				751D437E2D81B00A0002BBF8 /* main.lynx.bundle */,
				754E63732D81AA49006D8762 /* LaunchScreen.storyboard */,
				754E63752D81AA49006D8762 /* Main.storyboard */,
				754E63762D81AA49006D8762 /* SceneDelegate.swift */,
				751348812D8C515E0044A21E /* MediaFetcher.swift */,
				754E63812D81AB79006D8762 /* LynxProvider.swift */,
				754E63802D81AAFA006D8762 /* lynxdex-Bridging-Header.h */,
				754E63772D81AA49006D8762 /* ViewController.swift */,
			);
			path = lynxdex;
			sourceTree = "<group>";
		};
		BF34FE9C85D90E00147BB6A0 /* Pods */ = {
			isa = PBXGroup;
			children = (
				D442FEB21F6052358C496471 /* Pods-lynxdex.debug.xcconfig */,
				179E483F670C71EA16779439 /* Pods-lynxdex.release.xcconfig */,
			);
			path = Pods;
			sourceTree = "<group>";
		};
		D3EF4D70217E0C8F82C0B754 /* Frameworks */ = {
			isa = PBXGroup;
			children = (
				930A2C95EE8BD15A6D59969F /* libPods-lynxdex.a */,
			);
			name = Frameworks;
			sourceTree = "<group>";
		};
/* End PBXGroup section */

/* Begin PBXNativeTarget section */
		754E63462D81AA0B006D8762 /* lynxdex */ = {
			isa = PBXNativeTarget;
			buildConfigurationList = 754E635A2D81AA0C006D8762 /* Build configuration list for PBXNativeTarget "lynxdex" */;
			buildPhases = (
				0B03F3094349E59209FDC03E /* [CP] Check Pods Manifest.lock */,
				754E63432D81AA0B006D8762 /* Sources */,
				754E63442D81AA0B006D8762 /* Frameworks */,
				754E63452D81AA0B006D8762 /* Resources */,
				112738D2847C53316C05C37E /* [CP] Copy Pods Resources */,
			);
			buildRules = (
			);
			dependencies = (
			);
			fileSystemSynchronizedGroups = (
				7513488A2D8C5B480044A21E /* static */,
				75D7BC1A2D823F3D00499C4C /* utils */,
				75D7BC202D823F7000499C4C /* input */,
			);
			name = lynxdex;
			productName = lynxdex;
			productReference = 754E63472D81AA0B006D8762 /* lynxdex.app */;
			productType = "com.apple.product-type.application";
		};
/* End PBXNativeTarget section */

/* Begin PBXProject section */
		754E633F2D81AA0B006D8762 /* Project object */ = {
			isa = PBXProject;
			attributes = {
				BuildIndependentTargetsInParallel = 1;
				LastSwiftUpdateCheck = 1620;
				LastUpgradeCheck = 1620;
				TargetAttributes = {
					754E63462D81AA0B006D8762 = {
						CreatedOnToolsVersion = 16.2;
					};
				};
			};
			buildConfigurationList = 754E63422D81AA0B006D8762 /* Build configuration list for PBXProject "lynxdex" */;
			developmentRegion = en;
			hasScannedForEncodings = 0;
			knownRegions = (
				en,
				Base,
			);
			mainGroup = 754E633E2D81AA0B006D8762;
			minimizedProjectReferenceProxies = 1;
			preferredProjectObjectVersion = 77;
			productRefGroup = 754E63482D81AA0B006D8762 /* Products */;
			projectDirPath = "";
			projectRoot = "";
			targets = (
				754E63462D81AA0B006D8762 /* lynxdex */,
			);
		};
/* End PBXProject section */

/* Begin PBXResourcesBuildPhase section */
		754E63452D81AA0B006D8762 /* Resources */ = {
			isa = PBXResourcesBuildPhase;
			buildActionMask = 2147483647;
			files = (
				751348922D8C5BA60044A21E /* static in Resources */,
				754E637C2D81AA49006D8762 /* Assets.xcassets in Resources */,
				754E637E2D81AA49006D8762 /* LaunchScreen.storyboard in Resources */,
				751D437F2D81B00A0002BBF8 /* main.lynx.bundle in Resources */,
				754E637F2D81AA49006D8762 /* Main.storyboard in Resources */,
			);
			runOnlyForDeploymentPostprocessing = 0;
		};
/* End PBXResourcesBuildPhase section */

/* Begin PBXShellScriptBuildPhase section */
		0B03F3094349E59209FDC03E /* [CP] Check Pods Manifest.lock */ = {
			isa = PBXShellScriptBuildPhase;
			buildActionMask = 2147483647;
			files = (
			);
			inputFileListPaths = (
			);
			inputPaths = (
				"${PODS_PODFILE_DIR_PATH}/Podfile.lock",
				"${PODS_ROOT}/Manifest.lock",
			);
			name = "[CP] Check Pods Manifest.lock";
			outputFileListPaths = (
			);
			outputPaths = (
				"$(DERIVED_FILE_DIR)/Pods-lynxdex-checkManifestLockResult.txt",
			);
			runOnlyForDeploymentPostprocessing = 0;
			shellPath = /bin/sh;
			shellScript = "diff \"${PODS_PODFILE_DIR_PATH}/Podfile.lock\" \"${PODS_ROOT}/Manifest.lock\" > /dev/null\nif [ $? != 0 ] ; then\n    # print error to STDERR\n    echo \"error: The sandbox is not in sync with the Podfile.lock. Run 'pod install' or update your CocoaPods installation.\" >&2\n    exit 1\nfi\n# This output is used by Xcode 'outputs' to avoid re-running this script phase.\necho \"SUCCESS\" > \"${SCRIPT_OUTPUT_FILE_0}\"\n";
			showEnvVarsInLog = 0;
		};
		112738D2847C53316C05C37E /* [CP] Copy Pods Resources */ = {
			isa = PBXShellScriptBuildPhase;
			buildActionMask = 2147483647;
			files = (
			);
			inputFileListPaths = (
				"${PODS_ROOT}/Target Support Files/Pods-lynxdex/Pods-lynxdex-resources-${CONFIGURATION}-input-files.xcfilelist",
			);
			name = "[CP] Copy Pods Resources";
			outputFileListPaths = (
				"${PODS_ROOT}/Target Support Files/Pods-lynxdex/Pods-lynxdex-resources-${CONFIGURATION}-output-files.xcfilelist",
			);
			runOnlyForDeploymentPostprocessing = 0;
			shellPath = /bin/sh;
			shellScript = "\"${PODS_ROOT}/Target Support Files/Pods-lynxdex/Pods-lynxdex-resources.sh\"\n";
			showEnvVarsInLog = 0;
		};
/* End PBXShellScriptBuildPhase section */

/* Begin PBXSourcesBuildPhase section */
		754E63432D81AA0B006D8762 /* Sources */ = {
			isa = PBXSourcesBuildPhase;
			buildActionMask = 2147483647;
			files = (
				754E63792D81AA49006D8762 /* AppDelegate.swift in Sources */,
				754E637A2D81AA49006D8762 /* SceneDelegate.swift in Sources */,
				754E637B2D81AA49006D8762 /* ViewController.swift in Sources */,
				754E63822D81AB7E006D8762 /* LynxProvider.swift in Sources */,
				751348822D8C51640044A21E /* MediaFetcher.swift in Sources */,
			);
			runOnlyForDeploymentPostprocessing = 0;
		};
/* End PBXSourcesBuildPhase section */

/* Begin PBXVariantGroup section */
		754E63732D81AA49006D8762 /* LaunchScreen.storyboard */ = {
			isa = PBXVariantGroup;
			children = (
				754E63722D81AA49006D8762 /* Base */,
			);
			name = LaunchScreen.storyboard;
			sourceTree = "<group>";
		};
		754E63752D81AA49006D8762 /* Main.storyboard */ = {
			isa = PBXVariantGroup;
			children = (
				754E63742D81AA49006D8762 /* Base */,
			);
			name = Main.storyboard;
			sourceTree = "<group>";
		};
/* End PBXVariantGroup section */

/* Begin XCBuildConfiguration section */
		754E635B2D81AA0C006D8762 /* Debug */ = {
			isa = XCBuildConfiguration;
			baseConfigurationReference = D442FEB21F6052358C496471 /* Pods-lynxdex.debug.xcconfig */;
			buildSettings = {
				ASSETCATALOG_COMPILER_APPICON_NAME = AppIcon;
				ASSETCATALOG_COMPILER_GLOBAL_ACCENT_COLOR_NAME = AccentColor;
				CODE_SIGN_STYLE = Automatic;
				CURRENT_PROJECT_VERSION = 1;
				DEVELOPMENT_TEAM = PMK4638537;
				GENERATE_INFOPLIST_FILE = YES;
				INFOPLIST_FILE = lynxdex/Info.plist;
				INFOPLIST_KEY_CFBundleDisplayName = Lynxdex;
				INFOPLIST_KEY_LSApplicationCategoryType = "public.app-category.games";
				INFOPLIST_KEY_UIApplicationSupportsIndirectInputEvents = YES;
				INFOPLIST_KEY_UILaunchStoryboardName = LaunchScreen;
				INFOPLIST_KEY_UIMainStoryboardFile = Main;
				INFOPLIST_KEY_UISupportedInterfaceOrientations_iPad = "UIInterfaceOrientationPortrait UIInterfaceOrientationPortraitUpsideDown UIInterfaceOrientationLandscapeLeft UIInterfaceOrientationLandscapeRight";
				INFOPLIST_KEY_UISupportedInterfaceOrientations_iPhone = "UIInterfaceOrientationPortrait UIInterfaceOrientationLandscapeLeft UIInterfaceOrientationLandscapeRight";
				IPHONEOS_DEPLOYMENT_TARGET = 15.6;
				LD_RUNPATH_SEARCH_PATHS = (
					"$(inherited)",
					"@executable_path/Frameworks",
				);
				MARKETING_VERSION = 1.0;
				PRODUCT_BUNDLE_IDENTIFIER = dev.renan.lynxdex;
				PRODUCT_NAME = "$(TARGET_NAME)";
				SWIFT_EMIT_LOC_STRINGS = YES;
				SWIFT_OBJC_BRIDGING_HEADER = "lynxdex/lynxdex-Bridging-Header.h";
				SWIFT_VERSION = 5.0;
				TARGETED_DEVICE_FAMILY = "1,2";
			};
			name = Debug;
		};
		754E635C2D81AA0C006D8762 /* Release */ = {
			isa = XCBuildConfiguration;
			baseConfigurationReference = 179E483F670C71EA16779439 /* Pods-lynxdex.release.xcconfig */;
			buildSettings = {
				ASSETCATALOG_COMPILER_APPICON_NAME = AppIcon;
				ASSETCATALOG_COMPILER_GLOBAL_ACCENT_COLOR_NAME = AccentColor;
				CODE_SIGN_STYLE = Automatic;
				CURRENT_PROJECT_VERSION = 1;
				DEVELOPMENT_TEAM = PMK4638537;
				GENERATE_INFOPLIST_FILE = YES;
				INFOPLIST_FILE = lynxdex/Info.plist;
				INFOPLIST_KEY_CFBundleDisplayName = Lynxdex;
				INFOPLIST_KEY_LSApplicationCategoryType = "public.app-category.games";
				INFOPLIST_KEY_UIApplicationSupportsIndirectInputEvents = YES;
				INFOPLIST_KEY_UILaunchStoryboardName = LaunchScreen;
				INFOPLIST_KEY_UIMainStoryboardFile = Main;
				INFOPLIST_KEY_UISupportedInterfaceOrientations_iPad = "UIInterfaceOrientationPortrait UIInterfaceOrientationPortraitUpsideDown UIInterfaceOrientationLandscapeLeft UIInterfaceOrientationLandscapeRight";
				INFOPLIST_KEY_UISupportedInterfaceOrientations_iPhone = "UIInterfaceOrientationPortrait UIInterfaceOrientationLandscapeLeft UIInterfaceOrientationLandscapeRight";
				IPHONEOS_DEPLOYMENT_TARGET = 15.6;
				LD_RUNPATH_SEARCH_PATHS = (
					"$(inherited)",
					"@executable_path/Frameworks",
				);
				MARKETING_VERSION = 1.0;
				PRODUCT_BUNDLE_IDENTIFIER = dev.renan.lynxdex;
				PRODUCT_NAME = "$(TARGET_NAME)";
				SWIFT_EMIT_LOC_STRINGS = YES;
				SWIFT_OBJC_BRIDGING_HEADER = "lynxdex/lynxdex-Bridging-Header.h";
				SWIFT_VERSION = 5.0;
				TARGETED_DEVICE_FAMILY = "1,2";
			};
			name = Release;
		};
		754E635D2D81AA0C006D8762 /* Debug */ = {
			isa = XCBuildConfiguration;
			buildSettings = {
				ALWAYS_SEARCH_USER_PATHS = NO;
				ASSETCATALOG_COMPILER_GENERATE_SWIFT_ASSET_SYMBOL_EXTENSIONS = YES;
				CLANG_ANALYZER_NONNULL = YES;
				CLANG_ANALYZER_NUMBER_OBJECT_CONVERSION = YES_AGGRESSIVE;
				CLANG_CXX_LANGUAGE_STANDARD = "gnu++20";
				CLANG_ENABLE_MODULES = YES;
				CLANG_ENABLE_OBJC_ARC = YES;
				CLANG_ENABLE_OBJC_WEAK = YES;
				CLANG_WARN_BLOCK_CAPTURE_AUTORELEASING = YES;
				CLANG_WARN_BOOL_CONVERSION = YES;
				CLANG_WARN_COMMA = YES;
				CLANG_WARN_CONSTANT_CONVERSION = YES;
				CLANG_WARN_DEPRECATED_OBJC_IMPLEMENTATIONS = YES;
				CLANG_WARN_DIRECT_OBJC_ISA_USAGE = YES_ERROR;
				CLANG_WARN_DOCUMENTATION_COMMENTS = YES;
				CLANG_WARN_EMPTY_BODY = YES;
				CLANG_WARN_ENUM_CONVERSION = YES;
				CLANG_WARN_INFINITE_RECURSION = YES;
				CLANG_WARN_INT_CONVERSION = YES;
				CLANG_WARN_NON_LITERAL_NULL_CONVERSION = YES;
				CLANG_WARN_OBJC_IMPLICIT_RETAIN_SELF = YES;
				CLANG_WARN_OBJC_LITERAL_CONVERSION = YES;
				CLANG_WARN_OBJC_ROOT_CLASS = YES_ERROR;
				CLANG_WARN_QUOTED_INCLUDE_IN_FRAMEWORK_HEADER = YES;
				CLANG_WARN_RANGE_LOOP_ANALYSIS = YES;
				CLANG_WARN_STRICT_PROTOTYPES = YES;
				CLANG_WARN_SUSPICIOUS_MOVE = YES;
				CLANG_WARN_UNGUARDED_AVAILABILITY = YES_AGGRESSIVE;
				CLANG_WARN_UNREACHABLE_CODE = YES;
				CLANG_WARN__DUPLICATE_METHOD_MATCH = YES;
				COPY_PHASE_STRIP = NO;
				DEBUG_INFORMATION_FORMAT = dwarf;
				ENABLE_STRICT_OBJC_MSGSEND = YES;
				ENABLE_TESTABILITY = YES;
				ENABLE_USER_SCRIPT_SANDBOXING = NO;
				GCC_C_LANGUAGE_STANDARD = gnu17;
				GCC_DYNAMIC_NO_PIC = NO;
				GCC_NO_COMMON_BLOCKS = YES;
				GCC_OPTIMIZATION_LEVEL = 0;
				GCC_PREPROCESSOR_DEFINITIONS = (
					"DEBUG=1",
					"$(inherited)",
				);
				GCC_WARN_64_TO_32_BIT_CONVERSION = YES;
				GCC_WARN_ABOUT_RETURN_TYPE = YES_ERROR;
				GCC_WARN_UNDECLARED_SELECTOR = YES;
				GCC_WARN_UNINITIALIZED_AUTOS = YES_AGGRESSIVE;
				GCC_WARN_UNUSED_FUNCTION = YES;
				GCC_WARN_UNUSED_VARIABLE = YES;
				IPHONEOS_DEPLOYMENT_TARGET = 18.2;
				LOCALIZATION_PREFERS_STRING_CATALOGS = YES;
				MTL_ENABLE_DEBUG_INFO = INCLUDE_SOURCE;
				MTL_FAST_MATH = YES;
				ONLY_ACTIVE_ARCH = YES;
				SDKROOT = iphoneos;
				SWIFT_ACTIVE_COMPILATION_CONDITIONS = "DEBUG $(inherited)";
				SWIFT_OBJC_BRIDGING_HEADER = "lynxdex/lynxdex-Bridging-Header.h";
				SWIFT_OPTIMIZATION_LEVEL = "-Onone";
				TREAT_MISSING_SCRIPT_PHASE_OUTPUTS_AS_ERRORS = NO;
			};
			name = Debug;
		};
		754E635E2D81AA0C006D8762 /* Release */ = {
			isa = XCBuildConfiguration;
			buildSettings = {
				ALWAYS_SEARCH_USER_PATHS = NO;
				ASSETCATALOG_COMPILER_GENERATE_SWIFT_ASSET_SYMBOL_EXTENSIONS = YES;
				CLANG_ANALYZER_NONNULL = YES;
				CLANG_ANALYZER_NUMBER_OBJECT_CONVERSION = YES_AGGRESSIVE;
				CLANG_CXX_LANGUAGE_STANDARD = "gnu++20";
				CLANG_ENABLE_MODULES = YES;
				CLANG_ENABLE_OBJC_ARC = YES;
				CLANG_ENABLE_OBJC_WEAK = YES;
				CLANG_WARN_BLOCK_CAPTURE_AUTORELEASING = YES;
				CLANG_WARN_BOOL_CONVERSION = YES;
				CLANG_WARN_COMMA = YES;
				CLANG_WARN_CONSTANT_CONVERSION = YES;
				CLANG_WARN_DEPRECATED_OBJC_IMPLEMENTATIONS = YES;
				CLANG_WARN_DIRECT_OBJC_ISA_USAGE = YES_ERROR;
				CLANG_WARN_DOCUMENTATION_COMMENTS = YES;
				CLANG_WARN_EMPTY_BODY = YES;
				CLANG_WARN_ENUM_CONVERSION = YES;
				CLANG_WARN_INFINITE_RECURSION = YES;
				CLANG_WARN_INT_CONVERSION = YES;
				CLANG_WARN_NON_LITERAL_NULL_CONVERSION = YES;
				CLANG_WARN_OBJC_IMPLICIT_RETAIN_SELF = YES;
				CLANG_WARN_OBJC_LITERAL_CONVERSION = YES;
				CLANG_WARN_OBJC_ROOT_CLASS = YES_ERROR;
				CLANG_WARN_QUOTED_INCLUDE_IN_FRAMEWORK_HEADER = YES;
				CLANG_WARN_RANGE_LOOP_ANALYSIS = YES;
				CLANG_WARN_STRICT_PROTOTYPES = YES;
				CLANG_WARN_SUSPICIOUS_MOVE = YES;
				CLANG_WARN_UNGUARDED_AVAILABILITY = YES_AGGRESSIVE;
				CLANG_WARN_UNREACHABLE_CODE = YES;
				CLANG_WARN__DUPLICATE_METHOD_MATCH = YES;
				COPY_PHASE_STRIP = NO;
				DEBUG_INFORMATION_FORMAT = "dwarf-with-dsym";
				ENABLE_NS_ASSERTIONS = NO;
				ENABLE_STRICT_OBJC_MSGSEND = YES;
				ENABLE_USER_SCRIPT_SANDBOXING = NO;
				GCC_C_LANGUAGE_STANDARD = gnu17;
				GCC_NO_COMMON_BLOCKS = YES;
				GCC_WARN_64_TO_32_BIT_CONVERSION = YES;
				GCC_WARN_ABOUT_RETURN_TYPE = YES_ERROR;
				GCC_WARN_UNDECLARED_SELECTOR = YES;
				GCC_WARN_UNINITIALIZED_AUTOS = YES_AGGRESSIVE;
				GCC_WARN_UNUSED_FUNCTION = YES;
				GCC_WARN_UNUSED_VARIABLE = YES;
				IPHONEOS_DEPLOYMENT_TARGET = 18.2;
				LOCALIZATION_PREFERS_STRING_CATALOGS = YES;
				MTL_ENABLE_DEBUG_INFO = NO;
				MTL_FAST_MATH = YES;
				SDKROOT = iphoneos;
				SWIFT_COMPILATION_MODE = wholemodule;
				SWIFT_OBJC_BRIDGING_HEADER = "lynxdex/lynxdex-Bridging-Header.h";
				TREAT_MISSING_SCRIPT_PHASE_OUTPUTS_AS_ERRORS = NO;
				VALIDATE_PRODUCT = YES;
			};
			name = Release;
		};
/* End XCBuildConfiguration section */

/* Begin XCConfigurationList section */
		754E63422D81AA0B006D8762 /* Build configuration list for PBXProject "lynxdex" */ = {
			isa = XCConfigurationList;
			buildConfigurations = (
				754E635D2D81AA0C006D8762 /* Debug */,
				754E635E2D81AA0C006D8762 /* Release */,
			);
			defaultConfigurationIsVisible = 0;
			defaultConfigurationName = Release;
		};
		754E635A2D81AA0C006D8762 /* Build configuration list for PBXNativeTarget "lynxdex" */ = {
			isa = XCConfigurationList;
			buildConfigurations = (
				754E635B2D81AA0C006D8762 /* Debug */,
				754E635C2D81AA0C006D8762 /* Release */,
			);
			defaultConfigurationIsVisible = 0;
			defaultConfigurationName = Release;
		};
/* End XCConfigurationList section */
	};
	rootObject = 754E633F2D81AA0B006D8762 /* Project object */;
}
